lockfileVersion: '6.0'

dependencies:
  zod:
    specifier: ^3.21.4
    version: 3.21.4

devDependencies:
  '@playwright/test':
    specifier: ^1.33.0
    version: 1.33.0

packages:

  /@playwright/test@1.33.0:
    resolution: {integrity: sha512-YunBa2mE7Hq4CfPkGzQRK916a4tuZoVx/EpLjeWlTVOnD4S2+fdaQZE0LJkbfhN5FTSKNLdcl7MoT5XB37bTkg==}
    engines: {node: '>=14'}
    hasBin: true
    dependencies:
      '@types/node': 18.16.1
      playwright-core: 1.33.0
    optionalDependencies:
      fsevents: 2.3.2
    dev: true

  /@types/node@18.16.1:
    resolution: {integrity: sha512-DZxSZWXxFfOlx7k7Rv4LAyiMroaxa3Ly/7OOzZO8cBNho0YzAi4qlbrx8W27JGqG57IgR/6J7r+nOJWw6kcvZA==}
    dev: true

  /fsevents@2.3.2:
    resolution: {integrity: sha512-xiqMQR4xAeHTuB9uWm+fFRcIOgKBMiOBP+eXiyT7jsgVCq1bkVygt00oASowB7EdtpOHaaPgKt812P9ab+DDKA==}
    engines: {node: ^8.16.0 || ^10.6.0 || >=11.0.0}
    os: [darwin]
    requiresBuild: true
    dev: true
    optional: true

  /playwright-core@1.33.0:
    resolution: {integrity: sha512-aizyPE1Cj62vAECdph1iaMILpT0WUDCq3E6rW6I+dleSbBoGbktvJtzS6VHkZ4DKNEOG9qJpiom/ZxO+S15LAw==}
    engines: {node: '>=14'}
    hasBin: true
    dev: true

  /zod@3.21.4:
    resolution: {integrity: sha512-m46AKbrzKVzOzs/DZgVnG5H55N1sv1M8qZU3A8RIKbs3mrACDNeIOeilDymVb2HdmP8uwshOCF4uJ8uM9rCqJw==}
    dev: false
